
Microsoft Visual Studio Solution File, Format Version 12.00
Project("{FAE04EC0-301F-11D3-BF4B-00C04F79EFBC}") = "Core", "Core.csproj", "{56EF384C-F4C5-473D-AD4F-DB3823DCABBE}"
EndProject
Global
	GlobalSection(SolutionConfigurationPlatforms) = preSolution
		Debug|Any CPU = Debug|Any CPU
		Release|Any CPU = Release|Any CPU
	EndGlobalSection
	GlobalSection(ProjectConfigurationPlatforms) = postSolution
		{56EF384C-F4C5-473D-AD4F-DB3823DCABBE}.Debug|Any CPU.ActiveCfg = Debug|Any CPU
		{56EF384C-F4C5-473D-AD4F-DB3823DCABBE}.Debug|Any CPU.Build.0 = Debug|Any CPU
		{56EF384C-F4C5-473D-AD4F-DB3823DCABBE}.Release|Any CPU.ActiveCfg = Release|Any CPU
		{56EF384C-F4C5-473D-AD4F-DB3823DCABBE}.Release|Any CPU.Build.0 = Release|Any CPU
	EndGlobalSection
EndGlobal
